
Microsoft Visual Studio Solution File, Format Version 12.00
# Visual Studio Version 17
VisualStudioVersion = 17.14.36518.9
MinimumVisualStudioVersion = 10.0.40219.1
Project("{FAE04EC0-301F-11D3-BF4B-00C04F79EFBC}") = "apc", "apc\apc.csproj", "{170896CA-5020-4819-95C9-22A7431D94A5}"
EndProject
Project("{FAE04EC0-301F-11D3-BF4B-00C04F79EFBC}") = "apc.Client", "apc.Client\apc.Client.csproj", "{B027A1A3-F83B-46A0-BA88-EA053293F468}"
EndProject
Project("{FAE04EC0-301F-11D3-BF4B-00C04F79EFBC}") = "SIAD.Core", "SIAD.Core\SIAD.Core.csproj", "{21CEF7DF-C131-44CE-95FA-135A04C86CEB}"
EndProject
Project("{FAE04EC0-301F-11D3-BF4B-00C04F79EFBC}") = "SIAD.Data", "SIAD.Data\SIAD.Data.csproj", "{706C5979-638F-44C9-A824-88EE0F4DEF43}"
EndProject
Project("{FAE04EC0-301F-11D3-BF4B-00C04F79EFBC}") = "SIAD.Services", "SIAD.Services\SIAD.Services.csproj", "{FA9E311F-3DB9-43C3-97E5-E0B04F781C93}"
EndProject
Project("{FAE04EC0-301F-11D3-BF4B-00C04F79EFBC}") = "SIAD.Reports", "SIAD.Reports\SIAD.Reports.csproj", "{D64B594E-4F92-4408-A8F9-3B075F9AB56B}"
EndProject
Global
	GlobalSection(SolutionConfigurationPlatforms) = preSolution
		Debug|Any CPU = Debug|Any CPU
		Debug|x64 = Debug|x64
		Debug|x86 = Debug|x86
		Release|Any CPU = Release|Any CPU
		Release|x64 = Release|x64
		Release|x86 = Release|x86
	EndGlobalSection
	GlobalSection(ProjectConfigurationPlatforms) = postSolution
		{170896CA-5020-4819-95C9-22A7431D94A5}.Debug|Any CPU.ActiveCfg = Debug|Any CPU
		{170896CA-5020-4819-95C9-22A7431D94A5}.Debug|Any CPU.Build.0 = Debug|Any CPU
		{170896CA-5020-4819-95C9-22A7431D94A5}.Debug|x64.ActiveCfg = Debug|Any CPU
		{170896CA-5020-4819-95C9-22A7431D94A5}.Debug|x64.Build.0 = Debug|Any CPU
		{170896CA-5020-4819-95C9-22A7431D94A5}.Debug|x86.ActiveCfg = Debug|Any CPU
		{170896CA-5020-4819-95C9-22A7431D94A5}.Debug|x86.Build.0 = Debug|Any CPU
		{170896CA-5020-4819-95C9-22A7431D94A5}.Release|Any CPU.ActiveCfg = Release|Any CPU
		{170896CA-5020-4819-95C9-22A7431D94A5}.Release|Any CPU.Build.0 = Release|Any CPU
		{170896CA-5020-4819-95C9-22A7431D94A5}.Release|x64.ActiveCfg = Release|Any CPU
		{170896CA-5020-4819-95C9-22A7431D94A5}.Release|x64.Build.0 = Release|Any CPU
		{170896CA-5020-4819-95C9-22A7431D94A5}.Release|x86.ActiveCfg = Release|Any CPU
		{170896CA-5020-4819-95C9-22A7431D94A5}.Release|x86.Build.0 = Release|Any CPU
		{B027A1A3-F83B-46A0-BA88-EA053293F468}.Debug|Any CPU.ActiveCfg = Debug|Any CPU
		{B027A1A3-F83B-46A0-BA88-EA053293F468}.Debug|Any CPU.Build.0 = Debug|Any CPU
		{B027A1A3-F83B-46A0-BA88-EA053293F468}.Debug|x64.ActiveCfg = Debug|Any CPU
		{B027A1A3-F83B-46A0-BA88-EA053293F468}.Debug|x64.Build.0 = Debug|Any CPU
		{B027A1A3-F83B-46A0-BA88-EA053293F468}.Debug|x86.ActiveCfg = Debug|Any CPU
		{B027A1A3-F83B-46A0-BA88-EA053293F468}.Debug|x86.Build.0 = Debug|Any CPU
		{B027A1A3-F83B-46A0-BA88-EA053293F468}.Release|Any CPU.ActiveCfg = Release|Any CPU
		{B027A1A3-F83B-46A0-BA88-EA053293F468}.Release|Any CPU.Build.0 = Release|Any CPU
		{B027A1A3-F83B-46A0-BA88-EA053293F468}.Release|x64.ActiveCfg = Release|Any CPU
		{B027A1A3-F83B-46A0-BA88-EA053293F468}.Release|x64.Build.0 = Release|Any CPU
		{B027A1A3-F83B-46A0-BA88-EA053293F468}.Release|x86.ActiveCfg = Release|Any CPU
		{B027A1A3-F83B-46A0-BA88-EA053293F468}.Release|x86.Build.0 = Release|Any CPU
		{21CEF7DF-C131-44CE-95FA-135A04C86CEB}.Debug|Any CPU.ActiveCfg = Debug|Any CPU
		{21CEF7DF-C131-44CE-95FA-135A04C86CEB}.Debug|Any CPU.Build.0 = Debug|Any CPU
		{21CEF7DF-C131-44CE-95FA-135A04C86CEB}.Debug|x64.ActiveCfg = Debug|Any CPU
		{21CEF7DF-C131-44CE-95FA-135A04C86CEB}.Debug|x64.Build.0 = Debug|Any CPU
		{21CEF7DF-C131-44CE-95FA-135A04C86CEB}.Debug|x86.ActiveCfg = Debug|Any CPU
		{21CEF7DF-C131-44CE-95FA-135A04C86CEB}.Debug|x86.Build.0 = Debug|Any CPU
		{21CEF7DF-C131-44CE-95FA-135A04C86CEB}.Release|Any CPU.ActiveCfg = Release|Any CPU
		{21CEF7DF-C131-44CE-95FA-135A04C86CEB}.Release|Any CPU.Build.0 = Release|Any CPU
		{21CEF7DF-C131-44CE-95FA-135A04C86CEB}.Release|x64.ActiveCfg = Release|Any CPU
		{21CEF7DF-C131-44CE-95FA-135A04C86CEB}.Release|x64.Build.0 = Release|Any CPU
		{21CEF7DF-C131-44CE-95FA-135A04C86CEB}.Release|x86.ActiveCfg = Release|Any CPU
		{21CEF7DF-C131-44CE-95FA-135A04C86CEB}.Release|x86.Build.0 = Release|Any CPU
		{706C5979-638F-44C9-A824-88EE0F4DEF43}.Debug|Any CPU.ActiveCfg = Debug|Any CPU
		{706C5979-638F-44C9-A824-88EE0F4DEF43}.Debug|Any CPU.Build.0 = Debug|Any CPU
		{706C5979-638F-44C9-A824-88EE0F4DEF43}.Debug|x64.ActiveCfg = Debug|Any CPU
		{706C5979-638F-44C9-A824-88EE0F4DEF43}.Debug|x64.Build.0 = Debug|Any CPU
		{706C5979-638F-44C9-A824-88EE0F4DEF43}.Debug|x86.ActiveCfg = Debug|Any CPU
		{706C5979-638F-44C9-A824-88EE0F4DEF43}.Debug|x86.Build.0 = Debug|Any CPU
		{706C5979-638F-44C9-A824-88EE0F4DEF43}.Release|Any CPU.ActiveCfg = Release|Any CPU
		{706C5979-638F-44C9-A824-88EE0F4DEF43}.Release|Any CPU.Build.0 = Release|Any CPU
		{706C5979-638F-44C9-A824-88EE0F4DEF43}.Release|x64.ActiveCfg = Release|Any CPU
		{706C5979-638F-44C9-A824-88EE0F4DEF43}.Release|x64.Build.0 = Release|Any CPU
		{706C5979-638F-44C9-A824-88EE0F4DEF43}.Release|x86.ActiveCfg = Release|Any CPU
		{706C5979-638F-44C9-A824-88EE0F4DEF43}.Release|x86.Build.0 = Release|Any CPU
		{FA9E311F-3DB9-43C3-97E5-E0B04F781C93}.Debug|Any CPU.ActiveCfg = Debug|Any CPU
		{FA9E311F-3DB9-43C3-97E5-E0B04F781C93}.Debug|Any CPU.Build.0 = Debug|Any CPU
		{FA9E311F-3DB9-43C3-97E5-E0B04F781C93}.Debug|x64.ActiveCfg = Debug|Any CPU
		{FA9E311F-3DB9-43C3-97E5-E0B04F781C93}.Debug|x64.Build.0 = Debug|Any CPU
		{FA9E311F-3DB9-43C3-97E5-E0B04F781C93}.Debug|x86.ActiveCfg = Debug|Any CPU
		{FA9E311F-3DB9-43C3-97E5-E0B04F781C93}.Debug|x86.Build.0 = Debug|Any CPU
		{FA9E311F-3DB9-43C3-97E5-E0B04F781C93}.Release|Any CPU.ActiveCfg = Release|Any CPU
		{FA9E311F-3DB9-43C3-97E5-E0B04F781C93}.Release|Any CPU.Build.0 = Release|Any CPU
		{FA9E311F-3DB9-43C3-97E5-E0B04F781C93}.Release|x64.ActiveCfg = Release|Any CPU
		{FA9E311F-3DB9-43C3-97E5-E0B04F781C93}.Release|x64.Build.0 = Release|Any CPU
		{FA9E311F-3DB9-43C3-97E5-E0B04F781C93}.Release|x86.ActiveCfg = Release|Any CPU
		{FA9E311F-3DB9-43C3-97E5-E0B04F781C93}.Release|x86.Build.0 = Release|Any CPU
		{D64B594E-4F92-4408-A8F9-3B075F9AB56B}.Debug|Any CPU.ActiveCfg = Debug|Any CPU
		{D64B594E-4F92-4408-A8F9-3B075F9AB56B}.Debug|Any CPU.Build.0 = Debug|Any CPU
		{D64B594E-4F92-4408-A8F9-3B075F9AB56B}.Debug|x64.ActiveCfg = Debug|Any CPU
		{D64B594E-4F92-4408-A8F9-3B075F9AB56B}.Debug|x64.Build.0 = Debug|Any CPU
		{D64B594E-4F92-4408-A8F9-3B075F9AB56B}.Debug|x86.ActiveCfg = Debug|Any CPU
		{D64B594E-4F92-4408-A8F9-3B075F9AB56B}.Debug|x86.Build.0 = Debug|Any CPU
		{D64B594E-4F92-4408-A8F9-3B075F9AB56B}.Release|Any CPU.ActiveCfg = Release|Any CPU
		{D64B594E-4F92-4408-A8F9-3B075F9AB56B}.Release|Any CPU.Build.0 = Release|Any CPU
		{D64B594E-4F92-4408-A8F9-3B075F9AB56B}.Release|x64.ActiveCfg = Release|Any CPU
		{D64B594E-4F92-4408-A8F9-3B075F9AB56B}.Release|x64.Build.0 = Release|Any CPU
		{D64B594E-4F92-4408-A8F9-3B075F9AB56B}.Release|x86.ActiveCfg = Release|Any CPU
		{D64B594E-4F92-4408-A8F9-3B075F9AB56B}.Release|x86.Build.0 = Release|Any CPU
	EndGlobalSection
	GlobalSection(SolutionProperties) = preSolution
		HideSolutionNode = FALSE
	EndGlobalSection
	GlobalSection(ExtensibilityGlobals) = postSolution
		SolutionGuid = {4E2E32CF-625E-4D22-814A-A2DA5C1391C3}
	EndGlobalSection
EndGlobal
